
Microsoft Visual Studio Solution File, Format Version 12.00
# Visual Studio 15
VisualStudioVersion = 15.0.27004.2005
MinimumVisualStudioVersion = 10.0.40219.1
Project("{FAE04EC0-301F-11D3-BF4B-00C04F79EFBC}") = "RESTar.SQLite", "RESTar.SQLite\RESTar.SQLite.csproj", "{ADAB3A82-32D7-421D-84E8-8A1C4708967B}"
EndProject
Global
	GlobalSection(SolutionConfigurationPlatforms) = preSolution
		Debug|x64 = Debug|x64
		Release|x64 = Release|x64
	EndGlobalSection
	GlobalSection(ProjectConfigurationPlatforms) = postSolution
		{ADAB3A82-32D7-421D-84E8-8A1C4708967B}.Debug|x64.ActiveCfg = Debug|x64
		{ADAB3A82-32D7-421D-84E8-8A1C4708967B}.Debug|x64.Build.0 = Debug|x64
		{ADAB3A82-32D7-421D-84E8-8A1C4708967B}.Release|x64.ActiveCfg = Release|x64
		{ADAB3A82-32D7-421D-84E8-8A1C4708967B}.Release|x64.Build.0 = Release|x64
	EndGlobalSection
	GlobalSection(SolutionProperties) = preSolution
		HideSolutionNode = FALSE
	EndGlobalSection
	GlobalSection(ExtensibilityGlobals) = postSolution
		SolutionGuid = {43ED1A9B-EF96-4C2F-88D3-46FCB1593AF8}
	EndGlobalSection
EndGlobal
